<?xml version="1.0" encoding="utf-8"?>
<Project ToolsVersion="4.0" xmlns="http://schemas.microsoft.com/developer/msbuild/2003">
  <ItemGroup>
    <Filter Include="Source Files">
      <UniqueIdentifier>{4FC737F1-C7A5-4376-A066-2A32D752A2FF}</UniqueIdentifier>
      <Extensions>cpp;c;cc;cxx;def;odl;idl;hpj;bat;asm;asmx</Extensions>
    </Filter>
    <Filter Include="Header Files">
      <UniqueIdentifier>{93995380-89BD-4b04-88EB-625FBE52EBFB}</UniqueIdentifier>
      <Extensions>h;hh;hpp;hxx;hm;inl;inc;ipp;xsd</Extensions>
    </Filter>
    <Filter Include="Resource Files">
      <UniqueIdentifier>{67DA6AB6-F800-4c08-8B7A-83BB121AAD01}</UniqueIdentifier>
      <Extensions>rc;ico;cur;bmp;dlg;rc2;rct;bin;rgs;gif;jpg;jpeg;jpe;resx;tiff;tif;png;wav;mfcribbon-ms</Extensions>
    </Filter>
    <Filter Include="Source Files\Public">
      <UniqueIdentifier>{80ecfe16-13cb-495d-a688-3139c58f1ce0}</UniqueIdentifier>
    </Filter>
    <Filter Include="Source Files\Private">
      <UniqueIdentifier>{dd605956-1129-4f6f-b3c4-1695b196c177}</UniqueIdentifier>
    </Filter>
  </ItemGroup>
  <ItemGroup>
    <ClCompile Include="main.cpp">
      <Filter>Source Files\Private</Filter>
    </ClCompile>
    <ClCompile Include="player.cpp">
      <Filter>Source Files\Private</Filter>
    </ClCompile>
    <ClCompile Include="intersection.cpp">
      <Filter>Source Files\Private</Filter>
    </ClCompile>
    <ClCompile Include="level.cpp">
      <Filter>Source Files\Private</Filter>
    </ClCompile>
    <ClCompile Include="animation.cpp">
      <Filter>Source Files\Private</Filter>
    </ClCompile>
    <ClCompile Include="animationStateMachine.cpp">
      <Filter>Source Files\Private</Filter>
    </ClCompile>
    <ClCompile Include="gridWalker.cpp">
      <Filter>Source Files\Private</Filter>
    </ClCompile>
    <ClCompile Include="ghost.cpp">
      <Filter>Source Files\Private</Filter>
    </ClCompile>
    <ClCompile Include="animatedGridWalker.cpp">
      <Filter>Source Files\Private</Filter>
    </ClCompile>
    <ClCompile Include="gameManager.cpp">
      <Filter>Source Files\Private</Filter>
    </ClCompile>
  </ItemGroup>
  <ItemGroup>
    <ClInclude Include="player.h">
      <Filter>Source Files\Public</Filter>
    </ClInclude>
    <ClInclude Include="intersection.h">
      <Filter>Source Files\Public</Filter>
    </ClInclude>
    <ClInclude Include="sharedEnumerations.h">
      <Filter>Source Files\Public</Filter>
    </ClInclude>
    <ClInclude Include="level.h">
      <Filter>Source Files\Public</Filter>
    </ClInclude>
    <ClInclude Include="animation.h">
      <Filter>Source Files\Public</Filter>
    </ClInclude>
    <ClInclude Include="animationStateMachine.h">
      <Filter>Source Files\Public</Filter>
    </ClInclude>
    <ClInclude Include="gridWalker.h">
      <Filter>Source Files\Public</Filter>
    </ClInclude>
    <ClInclude Include="ghost.h">
      <Filter>Source Files\Public</Filter>
    </ClInclude>
    <ClInclude Include="animatedGridWalker.h">
      <Filter>Source Files\Public</Filter>
    </ClInclude>
    <ClInclude Include="gameManager.h">
      <Filter>Source Files\Public</Filter>
    </ClInclude>
  </ItemGroup>
</Project>